
Microsoft Visual Studio Solution File, Format Version 12.00
# Visual Studio Version 17
VisualStudioVersion = 17.4.33403.182
MinimumVisualStudioVersion = 10.0.40219.1
Project("{FAE04EC0-301F-11D3-BF4B-00C04F79EFBC}") = "SE104-Project", "SE104-Project.csproj", "{99C19F2A-28EE-4487-AAFA-02DE05744433}"
EndProject
Global
	GlobalSection(SolutionConfigurationPlatforms) = preSolution
		Debug|Any CPU = Debug|Any CPU
		Release|Any CPU = Release|Any CPU
	EndGlobalSection
	GlobalSection(ProjectConfigurationPlatforms) = postSolution
		{99C19F2A-28EE-4487-AAFA-02DE05744433}.Debug|Any CPU.ActiveCfg = Debug|Any CPU
		{99C19F2A-28EE-4487-AAFA-02DE05744433}.Debug|Any CPU.Build.0 = Debug|Any CPU
		{99C19F2A-28EE-4487-AAFA-02DE05744433}.Release|Any CPU.ActiveCfg = Release|Any CPU
		{99C19F2A-28EE-4487-AAFA-02DE05744433}.Release|Any CPU.Build.0 = Release|Any CPU
	EndGlobalSection
	GlobalSection(SolutionProperties) = preSolution
		HideSolutionNode = FALSE
	EndGlobalSection
	GlobalSection(ExtensibilityGlobals) = postSolution
		SolutionGuid = {7E39B4C4-D47C-4D19-9C88-3A6B69F9673A}
	EndGlobalSection
EndGlobal
